// !$*UTF8*$!
{
	archiveVersion = 1;
	classes = {
	};
	objectVersion = 50;
	objects = {

/* Begin PBXBuildFile section */
		7691C69C20A91A74006A0812 /* APIManager.swift in Sources */ = {isa = PBXBuildFile; fileRef = 7691C69B20A91A74006A0812 /* APIManager.swift */; };
		7691C69E20A91AAB006A0812 /* LocationPresenter.swift in Sources */ = {isa = PBXBuildFile; fileRef = 7691C69D20A91AAB006A0812 /* LocationPresenter.swift */; };
		7691C6A120A91C86006A0812 /* LocationViewProtocol.swift in Sources */ = {isa = PBXBuildFile; fileRef = 7691C6A020A91C86006A0812 /* LocationViewProtocol.swift */; };
		7691C6A420A91CF4006A0812 /* LocationSearchService.swift in Sources */ = {isa = PBXBuildFile; fileRef = 7691C6A320A91CF4006A0812 /* LocationSearchService.swift */; };
		7691C6A620A91D0F006A0812 /* LocationModel.swift in Sources */ = {isa = PBXBuildFile; fileRef = 7691C6A520A91D0F006A0812 /* LocationModel.swift */; };
		76A67A6A20A3DED7009E21C2 /* AppDelegate.swift in Sources */ = {isa = PBXBuildFile; fileRef = 76A67A6920A3DED7009E21C2 /* AppDelegate.swift */; };
		76A67A6C20A3DED7009E21C2 /* LocationViewController.swift in Sources */ = {isa = PBXBuildFile; fileRef = 76A67A6B20A3DED7009E21C2 /* LocationViewController.swift */; };
		76A67A6F20A3DED7009E21C2 /* Main.storyboard in Resources */ = {isa = PBXBuildFile; fileRef = 76A67A6D20A3DED7009E21C2 /* Main.storyboard */; };
		76A67A7120A3DED9009E21C2 /* Assets.xcassets in Resources */ = {isa = PBXBuildFile; fileRef = 76A67A7020A3DED9009E21C2 /* Assets.xcassets */; };
		76A67A7420A3DED9009E21C2 /* LaunchScreen.storyboard in Resources */ = {isa = PBXBuildFile; fileRef = 76A67A7220A3DED9009E21C2 /* LaunchScreen.storyboard */; };
		76A67A9820A3FCBE009E21C2 /* Constants.swift in Sources */ = {isa = PBXBuildFile; fileRef = 76A67A9720A3FCBE009E21C2 /* Constants.swift */; };
/* End PBXBuildFile section */

/* Begin PBXContainerItemProxy section */
		76A67A7B20A3DED9009E21C2 /* PBXContainerItemProxy */ = {
			isa = PBXContainerItemProxy;
			containerPortal = 76A67A5E20A3DED7009E21C2 /* Project object */;
			proxyType = 1;
			remoteGlobalIDString = 76A67A6520A3DED7009E21C2;
			remoteInfo = 10Closest;
		};
		76A67A8620A3DED9009E21C2 /* PBXContainerItemProxy */ = {
			isa = PBXContainerItemProxy;
			containerPortal = 76A67A5E20A3DED7009E21C2 /* Project object */;
			proxyType = 1;
			remoteGlobalIDString = 76A67A6520A3DED7009E21C2;
			remoteInfo = 10Closest;
		};
/* End PBXContainerItemProxy section */

/* Begin PBXFileReference section */
		7691C69B20A91A74006A0812 /* APIManager.swift */ = {isa = PBXFileReference; lastKnownFileType = sourcecode.swift; path = APIManager.swift; sourceTree = "<group>"; };
		7691C69D20A91AAB006A0812 /* LocationPresenter.swift */ = {isa = PBXFileReference; lastKnownFileType = sourcecode.swift; path = LocationPresenter.swift; sourceTree = "<group>"; };
		7691C6A020A91C86006A0812 /* LocationViewProtocol.swift */ = {isa = PBXFileReference; lastKnownFileType = sourcecode.swift; path = LocationViewProtocol.swift; sourceTree = "<group>"; };
		7691C6A320A91CF4006A0812 /* LocationSearchService.swift */ = {isa = PBXFileReference; lastKnownFileType = sourcecode.swift; path = LocationSearchService.swift; sourceTree = "<group>"; };
		7691C6A520A91D0F006A0812 /* LocationModel.swift */ = {isa = PBXFileReference; lastKnownFileType = sourcecode.swift; path = LocationModel.swift; sourceTree = "<group>"; };
		76A67A6620A3DED7009E21C2 /* 10Closest.app */ = {isa = PBXFileReference; explicitFileType = wrapper.application; includeInIndex = 0; path = 10Closest.app; sourceTree = BUILT_PRODUCTS_DIR; };
		76A67A6920A3DED7009E21C2 /* AppDelegate.swift */ = {isa = PBXFileReference; lastKnownFileType = sourcecode.swift; path = AppDelegate.swift; sourceTree = "<group>"; };
		76A67A6B20A3DED7009E21C2 /* LocationViewController.swift */ = {isa = PBXFileReference; lastKnownFileType = sourcecode.swift; path = LocationViewController.swift; sourceTree = "<group>"; };
		76A67A6E20A3DED7009E21C2 /* Base */ = {isa = PBXFileReference; lastKnownFileType = file.storyboard; name = Base; path = Base.lproj/Main.storyboard; sourceTree = "<group>"; };
		76A67A7020A3DED9009E21C2 /* Assets.xcassets */ = {isa = PBXFileReference; lastKnownFileType = folder.assetcatalog; path = Assets.xcassets; sourceTree = "<group>"; };
		76A67A7320A3DED9009E21C2 /* Base */ = {isa = PBXFileReference; lastKnownFileType = file.storyboard; name = Base; path = Base.lproj/LaunchScreen.storyboard; sourceTree = "<group>"; };
		76A67A7520A3DED9009E21C2 /* Info.plist */ = {isa = PBXFileReference; lastKnownFileType = text.plist.xml; path = Info.plist; sourceTree = "<group>"; };
		76A67A7A20A3DED9009E21C2 /* 10ClosestTests.xctest */ = {isa = PBXFileReference; explicitFileType = wrapper.cfbundle; includeInIndex = 0; path = 10ClosestTests.xctest; sourceTree = BUILT_PRODUCTS_DIR; };
		76A67A8520A3DED9009E21C2 /* 10ClosestUITests.xctest */ = {isa = PBXFileReference; explicitFileType = wrapper.cfbundle; includeInIndex = 0; path = 10ClosestUITests.xctest; sourceTree = BUILT_PRODUCTS_DIR; };
		76A67A9720A3FCBE009E21C2 /* Constants.swift */ = {isa = PBXFileReference; lastKnownFileType = sourcecode.swift; path = Constants.swift; sourceTree = "<group>"; };
/* End PBXFileReference section */

/* Begin PBXFrameworksBuildPhase section */
		76A67A6320A3DED7009E21C2 /* Frameworks */ = {
			isa = PBXFrameworksBuildPhase;
			buildActionMask = 2147483647;
			files = (
			);
			runOnlyForDeploymentPostprocessing = 0;
		};
		76A67A7720A3DED9009E21C2 /* Frameworks */ = {
			isa = PBXFrameworksBuildPhase;
			buildActionMask = 2147483647;
			files = (
			);
			runOnlyForDeploymentPostprocessing = 0;
		};
		76A67A8220A3DED9009E21C2 /* Frameworks */ = {
			isa = PBXFrameworksBuildPhase;
			buildActionMask = 2147483647;
			files = (
			);
			runOnlyForDeploymentPostprocessing = 0;
		};
/* End PBXFrameworksBuildPhase section */

/* Begin PBXGroup section */
		764C64C920AA6C5F001D1204 /* Presenters */ = {
			isa = PBXGroup;
			children = (
				7691C69D20A91AAB006A0812 /* LocationPresenter.swift */,
			);
			path = Presenters;
			sourceTree = "<group>";
		};
		7691C69F20A91B67006A0812 /* Protocols */ = {
			isa = PBXGroup;
			children = (
				7691C6A020A91C86006A0812 /* LocationViewProtocol.swift */,
			);
			path = Protocols;
			sourceTree = "<group>";
		};
		7691C6A220A91CA2006A0812 /* Models */ = {
			isa = PBXGroup;
			children = (
				7691C6A320A91CF4006A0812 /* LocationSearchService.swift */,
				7691C6A520A91D0F006A0812 /* LocationModel.swift */,
			);
			path = Models;
			sourceTree = "<group>";
		};
		7691C6A720A91F42006A0812 /* Views */ = {
			isa = PBXGroup;
			children = (
				76A67A6B20A3DED7009E21C2 /* LocationViewController.swift */,
			);
			path = Views;
			sourceTree = "<group>";
		};
		7691C6A820A922B4006A0812 /* Resources */ = {
			isa = PBXGroup;
			children = (
				76A67A7020A3DED9009E21C2 /* Assets.xcassets */,
				76A67A7220A3DED9009E21C2 /* LaunchScreen.storyboard */,
			);
			path = Resources;
			sourceTree = "<group>";
		};
		76A67A5D20A3DED7009E21C2 = {
			isa = PBXGroup;
			children = (
				76A67A6820A3DED7009E21C2 /* 10Closest */,
				76A67A6720A3DED7009E21C2 /* Products */,
			);
			sourceTree = "<group>";
		};
		76A67A6720A3DED7009E21C2 /* Products */ = {
			isa = PBXGroup;
			children = (
				76A67A6620A3DED7009E21C2 /* 10Closest.app */,
				76A67A7A20A3DED9009E21C2 /* 10ClosestTests.xctest */,
				76A67A8520A3DED9009E21C2 /* 10ClosestUITests.xctest */,
			);
			name = Products;
			sourceTree = "<group>";
		};
		76A67A6820A3DED7009E21C2 /* 10Closest */ = {
			isa = PBXGroup;
			children = (
				7691C6A820A922B4006A0812 /* Resources */,
				7691C6A220A91CA2006A0812 /* Models */,
				764C64C920AA6C5F001D1204 /* Presenters */,
				7691C6A720A91F42006A0812 /* Views */,
				7691C69F20A91B67006A0812 /* Protocols */,
				76A67A6920A3DED7009E21C2 /* AppDelegate.swift */,
				76A67A6D20A3DED7009E21C2 /* Main.storyboard */,
				76A67A7520A3DED9009E21C2 /* Info.plist */,
				76A67A9720A3FCBE009E21C2 /* Constants.swift */,
				7691C69B20A91A74006A0812 /* APIManager.swift */,
			);
			path = 10Closest;
			sourceTree = "<group>";
		};
/* End PBXGroup section */

/* Begin PBXNativeTarget section */
		76A67A6520A3DED7009E21C2 /* 10Closest */ = {
			isa = PBXNativeTarget;
			buildConfigurationList = 76A67A8E20A3DED9009E21C2 /* Build configuration list for PBXNativeTarget "10Closest" */;
			buildPhases = (
				76A67A6220A3DED7009E21C2 /* Sources */,
				76A67A6320A3DED7009E21C2 /* Frameworks */,
				76A67A6420A3DED7009E21C2 /* Resources */,
			);
			buildRules = (
			);
			dependencies = (
			);
			name = 10Closest;
			productName = 10Closest;
			productReference = 76A67A6620A3DED7009E21C2 /* 10Closest.app */;
			productType = "com.apple.product-type.application";
		};
		76A67A7920A3DED9009E21C2 /* 10ClosestTests */ = {
			isa = PBXNativeTarget;
			buildConfigurationList = 76A67A9120A3DED9009E21C2 /* Build configuration list for PBXNativeTarget "10ClosestTests" */;
			buildPhases = (
				76A67A7620A3DED9009E21C2 /* Sources */,
				76A67A7720A3DED9009E21C2 /* Frameworks */,
				76A67A7820A3DED9009E21C2 /* Resources */,
			);
			buildRules = (
			);
			dependencies = (
				76A67A7C20A3DED9009E21C2 /* PBXTargetDependency */,
			);
			name = 10ClosestTests;
			productName = 10ClosestTests;
			productReference = 76A67A7A20A3DED9009E21C2 /* 10ClosestTests.xctest */;
			productType = "com.apple.product-type.bundle.unit-test";
		};
		76A67A8420A3DED9009E21C2 /* 10ClosestUITests */ = {
			isa = PBXNativeTarget;
			buildConfigurationList = 76A67A9420A3DED9009E21C2 /* Build configuration list for PBXNativeTarget "10ClosestUITests" */;
			buildPhases = (
				76A67A8120A3DED9009E21C2 /* Sources */,
				76A67A8220A3DED9009E21C2 /* Frameworks */,
				76A67A8320A3DED9009E21C2 /* Resources */,
			);
			buildRules = (
			);
			dependencies = (
				76A67A8720A3DED9009E21C2 /* PBXTargetDependency */,
			);
			name = 10ClosestUITests;
			productName = 10ClosestUITests;
			productReference = 76A67A8520A3DED9009E21C2 /* 10ClosestUITests.xctest */;
			productType = "com.apple.product-type.bundle.ui-testing";
		};
/* End PBXNativeTarget section */

/* Begin PBXProject section */
		76A67A5E20A3DED7009E21C2 /* Project object */ = {
			isa = PBXProject;
			attributes = {
				LastSwiftUpdateCheck = 0930;
				LastUpgradeCheck = 0930;
				ORGANIZATIONNAME = "Lucas Santos";
				TargetAttributes = {
					76A67A6520A3DED7009E21C2 = {
						CreatedOnToolsVersion = 9.3;
					};
					76A67A7920A3DED9009E21C2 = {
						CreatedOnToolsVersion = 9.3;
						TestTargetID = 76A67A6520A3DED7009E21C2;
					};
					76A67A8420A3DED9009E21C2 = {
						CreatedOnToolsVersion = 9.3;
						TestTargetID = 76A67A6520A3DED7009E21C2;
					};
				};
			};
			buildConfigurationList = 76A67A6120A3DED7009E21C2 /* Build configuration list for PBXProject "10Closest" */;
			compatibilityVersion = "Xcode 9.3";
			developmentRegion = en;
			hasScannedForEncodings = 0;
			knownRegions = (
				en,
				Base,
			);
			mainGroup = 76A67A5D20A3DED7009E21C2;
			productRefGroup = 76A67A6720A3DED7009E21C2 /* Products */;
			projectDirPath = "";
			projectRoot = "";
			targets = (
				76A67A6520A3DED7009E21C2 /* 10Closest */,
				76A67A7920A3DED9009E21C2 /* 10ClosestTests */,
				76A67A8420A3DED9009E21C2 /* 10ClosestUITests */,
			);
		};
/* End PBXProject section */

/* Begin PBXResourcesBuildPhase section */
		76A67A6420A3DED7009E21C2 /* Resources */ = {
			isa = PBXResourcesBuildPhase;
			buildActionMask = 2147483647;
			files = (
				76A67A7420A3DED9009E21C2 /* LaunchScreen.storyboard in Resources */,
				76A67A7120A3DED9009E21C2 /* Assets.xcassets in Resources */,
				76A67A6F20A3DED7009E21C2 /* Main.storyboard in Resources */,
			);
			runOnlyForDeploymentPostprocessing = 0;
		};
		76A67A7820A3DED9009E21C2 /* Resources */ = {
			isa = PBXResourcesBuildPhase;
			buildActionMask = 2147483647;
			files = (
			);
			runOnlyForDeploymentPostprocessing = 0;
		};
		76A67A8320A3DED9009E21C2 /* Resources */ = {
			isa = PBXResourcesBuildPhase;
			buildActionMask = 2147483647;
			files = (
			);
			runOnlyForDeploymentPostprocessing = 0;
		};
/* End PBXResourcesBuildPhase section */

/* Begin PBXSourcesBuildPhase section */
		76A67A6220A3DED7009E21C2 /* Sources */ = {
			isa = PBXSourcesBuildPhase;
			buildActionMask = 2147483647;
			files = (
				7691C6A620A91D0F006A0812 /* LocationModel.swift in Sources */,
				7691C6A420A91CF4006A0812 /* LocationSearchService.swift in Sources */,
				7691C69C20A91A74006A0812 /* APIManager.swift in Sources */,
				76A67A6C20A3DED7009E21C2 /* LocationViewController.swift in Sources */,
				7691C69E20A91AAB006A0812 /* LocationPresenter.swift in Sources */,
				76A67A6A20A3DED7009E21C2 /* AppDelegate.swift in Sources */,
				7691C6A120A91C86006A0812 /* LocationViewProtocol.swift in Sources */,
				76A67A9820A3FCBE009E21C2 /* Constants.swift in Sources */,
			);
			runOnlyForDeploymentPostprocessing = 0;
		};
		76A67A7620A3DED9009E21C2 /* Sources */ = {
			isa = PBXSourcesBuildPhase;
			buildActionMask = 2147483647;
			files = (
			);
			runOnlyForDeploymentPostprocessing = 0;
		};
		76A67A8120A3DED9009E21C2 /* Sources */ = {
			isa = PBXSourcesBuildPhase;
			buildActionMask = 2147483647;
			files = (
			);
			runOnlyForDeploymentPostprocessing = 0;
		};
/* End PBXSourcesBuildPhase section */

/* Begin PBXTargetDependency section */
		76A67A7C20A3DED9009E21C2 /* PBXTargetDependency */ = {
			isa = PBXTargetDependency;
			target = 76A67A6520A3DED7009E21C2 /* 10Closest */;
			targetProxy = 76A67A7B20A3DED9009E21C2 /* PBXContainerItemProxy */;
		};
		76A67A8720A3DED9009E21C2 /* PBXTargetDependency */ = {
			isa = PBXTargetDependency;
			target = 76A67A6520A3DED7009E21C2 /* 10Closest */;
			targetProxy = 76A67A8620A3DED9009E21C2 /* PBXContainerItemProxy */;
		};
/* End PBXTargetDependency section */

/* Begin PBXVariantGroup section */
		76A67A6D20A3DED7009E21C2 /* Main.storyboard */ = {
			isa = PBXVariantGroup;
			children = (
				76A67A6E20A3DED7009E21C2 /* Base */,
			);
			name = Main.storyboard;
			sourceTree = "<group>";
		};
		76A67A7220A3DED9009E21C2 /* LaunchScreen.storyboard */ = {
			isa = PBXVariantGroup;
			children = (
				76A67A7320A3DED9009E21C2 /* Base */,
			);
			name = LaunchScreen.storyboard;
			sourceTree = "<group>";
		};
/* End PBXVariantGroup section */

/* Begin XCBuildConfiguration section */
		76A67A8C20A3DED9009E21C2 /* Debug */ = {
			isa = XCBuildConfiguration;
			buildSettings = {
				ALWAYS_SEARCH_USER_PATHS = NO;
				CLANG_ANALYZER_NONNULL = YES;
				CLANG_ANALYZER_NUMBER_OBJECT_CONVERSION = YES_AGGRESSIVE;
				CLANG_CXX_LANGUAGE_STANDARD = "gnu++14";
				CLANG_CXX_LIBRARY = "libc++";
				CLANG_ENABLE_MODULES = YES;
				CLANG_ENABLE_OBJC_ARC = YES;
				CLANG_ENABLE_OBJC_WEAK = YES;
				CLANG_WARN_BLOCK_CAPTURE_AUTORELEASING = YES;
				CLANG_WARN_BOOL_CONVERSION = YES;
				CLANG_WARN_COMMA = YES;
				CLANG_WARN_CONSTANT_CONVERSION = YES;
				CLANG_WARN_DEPRECATED_OBJC_IMPLEMENTATIONS = YES;
				CLANG_WARN_DIRECT_OBJC_ISA_USAGE = YES_ERROR;
				CLANG_WARN_DOCUMENTATION_COMMENTS = YES;
				CLANG_WARN_EMPTY_BODY = YES;
				CLANG_WARN_ENUM_CONVERSION = YES;
				CLANG_WARN_INFINITE_RECURSION = YES;
				CLANG_WARN_INT_CONVERSION = YES;
				CLANG_WARN_NON_LITERAL_NULL_CONVERSION = YES;
				CLANG_WARN_OBJC_IMPLICIT_RETAIN_SELF = YES;
				CLANG_WARN_OBJC_LITERAL_CONVERSION = YES;
				CLANG_WARN_OBJC_ROOT_CLASS = YES_ERROR;
				CLANG_WARN_RANGE_LOOP_ANALYSIS = YES;
				CLANG_WARN_STRICT_PROTOTYPES = YES;
				CLANG_WARN_SUSPICIOUS_MOVE = YES;
				CLANG_WARN_UNGUARDED_AVAILABILITY = YES_AGGRESSIVE;
				CLANG_WARN_UNREACHABLE_CODE = YES;
				CLANG_WARN__DUPLICATE_METHOD_MATCH = YES;
				CODE_SIGN_IDENTITY = "iPhone Developer";
				COPY_PHASE_STRIP = NO;
				DEBUG_INFORMATION_FORMAT = dwarf;
				ENABLE_STRICT_OBJC_MSGSEND = YES;
				ENABLE_TESTABILITY = YES;
				GCC_C_LANGUAGE_STANDARD = gnu11;
				GCC_DYNAMIC_NO_PIC = NO;
				GCC_NO_COMMON_BLOCKS = YES;
				GCC_OPTIMIZATION_LEVEL = 0;
				GCC_PREPROCESSOR_DEFINITIONS = (
					"DEBUG=1",
					"$(inherited)",
				);
				GCC_WARN_64_TO_32_BIT_CONVERSION = YES;
				GCC_WARN_ABOUT_RETURN_TYPE = YES_ERROR;
				GCC_WARN_UNDECLARED_SELECTOR = YES;
				GCC_WARN_UNINITIALIZED_AUTOS = YES_AGGRESSIVE;
				GCC_WARN_UNUSED_FUNCTION = YES;
				GCC_WARN_UNUSED_VARIABLE = YES;
				IPHONEOS_DEPLOYMENT_TARGET = 11.3;
				MTL_ENABLE_DEBUG_INFO = YES;
				ONLY_ACTIVE_ARCH = YES;
				SDKROOT = iphoneos;
				SWIFT_ACTIVE_COMPILATION_CONDITIONS = DEBUG;
				SWIFT_OPTIMIZATION_LEVEL = "-Onone";
			};
			name = Debug;
		};
		76A67A8D20A3DED9009E21C2 /* Release */ = {
			isa = XCBuildConfiguration;
			buildSettings = {
				ALWAYS_SEARCH_USER_PATHS = NO;
				CLANG_ANALYZER_NONNULL = YES;
				CLANG_ANALYZER_NUMBER_OBJECT_CONVERSION = YES_AGGRESSIVE;
				CLANG_CXX_LANGUAGE_STANDARD = "gnu++14";
				CLANG_CXX_LIBRARY = "libc++";
				CLANG_ENABLE_MODULES = YES;
				CLANG_ENABLE_OBJC_ARC = YES;
				CLANG_ENABLE_OBJC_WEAK = YES;
				CLANG_WARN_BLOCK_CAPTURE_AUTORELEASING = YES;
				CLANG_WARN_BOOL_CONVERSION = YES;
				CLANG_WARN_COMMA = YES;
				CLANG_WARN_CONSTANT_CONVERSION = YES;
				CLANG_WARN_DEPRECATED_OBJC_IMPLEMENTATIONS = YES;
				CLANG_WARN_DIRECT_OBJC_ISA_USAGE = YES_ERROR;
				CLANG_WARN_DOCUMENTATION_COMMENTS = YES;
				CLANG_WARN_EMPTY_BODY = YES;
				CLANG_WARN_ENUM_CONVERSION = YES;
				CLANG_WARN_INFINITE_RECURSION = YES;
				CLANG_WARN_INT_CONVERSION = YES;
				CLANG_WARN_NON_LITERAL_NULL_CONVERSION = YES;
				CLANG_WARN_OBJC_IMPLICIT_RETAIN_SELF = YES;
				CLANG_WARN_OBJC_LITERAL_CONVERSION = YES;
				CLANG_WARN_OBJC_ROOT_CLASS = YES_ERROR;
				CLANG_WARN_RANGE_LOOP_ANALYSIS = YES;
				CLANG_WARN_STRICT_PROTOTYPES = YES;
				CLANG_WARN_SUSPICIOUS_MOVE = YES;
				CLANG_WARN_UNGUARDED_AVAILABILITY = YES_AGGRESSIVE;
				CLANG_WARN_UNREACHABLE_CODE = YES;
				CLANG_WARN__DUPLICATE_METHOD_MATCH = YES;
				CODE_SIGN_IDENTITY = "iPhone Developer";
				COPY_PHASE_STRIP = NO;
				DEBUG_INFORMATION_FORMAT = "dwarf-with-dsym";
				ENABLE_NS_ASSERTIONS = NO;
				ENABLE_STRICT_OBJC_MSGSEND = YES;
				GCC_C_LANGUAGE_STANDARD = gnu11;
				GCC_NO_COMMON_BLOCKS = YES;
				GCC_WARN_64_TO_32_BIT_CONVERSION = YES;
				GCC_WARN_ABOUT_RETURN_TYPE = YES_ERROR;
				GCC_WARN_UNDECLARED_SELECTOR = YES;
				GCC_WARN_UNINITIALIZED_AUTOS = YES_AGGRESSIVE;
				GCC_WARN_UNUSED_FUNCTION = YES;
				GCC_WARN_UNUSED_VARIABLE = YES;
				IPHONEOS_DEPLOYMENT_TARGET = 11.3;
				MTL_ENABLE_DEBUG_INFO = NO;
				SDKROOT = iphoneos;
				SWIFT_COMPILATION_MODE = wholemodule;
				SWIFT_OPTIMIZATION_LEVEL = "-O";
				VALIDATE_PRODUCT = YES;
			};
			name = Release;
		};
		76A67A8F20A3DED9009E21C2 /* Debug */ = {
			isa = XCBuildConfiguration;
			buildSettings = {
				ASSETCATALOG_COMPILER_APPICON_NAME = AppIcon;
				CODE_SIGN_STYLE = Automatic;
				INFOPLIST_FILE = 10Closest/Info.plist;
				LD_RUNPATH_SEARCH_PATHS = (
					"$(inherited)",
					"@executable_path/Frameworks",
				);
				PRODUCT_BUNDLE_IDENTIFIER = "lsantos.-0Closest";
				PRODUCT_NAME = "$(TARGET_NAME)";
				SWIFT_VERSION = 4.0;
				TARGETED_DEVICE_FAMILY = "1,2";
			};
			name = Debug;
		};
		76A67A9020A3DED9009E21C2 /* Release */ = {
			isa = XCBuildConfiguration;
			buildSettings = {
				ASSETCATALOG_COMPILER_APPICON_NAME = AppIcon;
				CODE_SIGN_STYLE = Automatic;
				INFOPLIST_FILE = 10Closest/Info.plist;
				LD_RUNPATH_SEARCH_PATHS = (
					"$(inherited)",
					"@executable_path/Frameworks",
				);
				PRODUCT_BUNDLE_IDENTIFIER = "lsantos.-0Closest";
				PRODUCT_NAME = "$(TARGET_NAME)";
				SWIFT_VERSION = 4.0;
				TARGETED_DEVICE_FAMILY = "1,2";
			};
			name = Release;
		};
		76A67A9220A3DED9009E21C2 /* Debug */ = {
			isa = XCBuildConfiguration;
			buildSettings = {
				ALWAYS_EMBED_SWIFT_STANDARD_LIBRARIES = YES;
				BUNDLE_LOADER = "$(TEST_HOST)";
				CODE_SIGN_STYLE = Automatic;
				INFOPLIST_FILE = 10ClosestTests/Info.plist;
				LD_RUNPATH_SEARCH_PATHS = (
					"$(inherited)",
					"@executable_path/Frameworks",
					"@loader_path/Frameworks",
				);
				PRODUCT_BUNDLE_IDENTIFIER = "lsantos.-0ClosestTests";
				PRODUCT_NAME = "$(TARGET_NAME)";
				SWIFT_VERSION = 4.0;
				TARGETED_DEVICE_FAMILY = "1,2";
				TEST_HOST = "$(BUILT_PRODUCTS_DIR)/10Closest.app/10Closest";
			};
			name = Debug;
		};
		76A67A9320A3DED9009E21C2 /* Release */ = {
			isa = XCBuildConfiguration;
			buildSettings = {
				ALWAYS_EMBED_SWIFT_STANDARD_LIBRARIES = YES;
				BUNDLE_LOADER = "$(TEST_HOST)";
				CODE_SIGN_STYLE = Automatic;
				INFOPLIST_FILE = 10ClosestTests/Info.plist;
				LD_RUNPATH_SEARCH_PATHS = (
					"$(inherited)",
					"@executable_path/Frameworks",
					"@loader_path/Frameworks",
				);
				PRODUCT_BUNDLE_IDENTIFIER = "lsantos.-0ClosestTests";
				PRODUCT_NAME = "$(TARGET_NAME)";
				SWIFT_VERSION = 4.0;
				TARGETED_DEVICE_FAMILY = "1,2";
				TEST_HOST = "$(BUILT_PRODUCTS_DIR)/10Closest.app/10Closest";
			};
			name = Release;
		};
		76A67A9520A3DED9009E21C2 /* Debug */ = {
			isa = XCBuildConfiguration;
			buildSettings = {
				ALWAYS_EMBED_SWIFT_STANDARD_LIBRARIES = YES;
				CODE_SIGN_STYLE = Automatic;
				INFOPLIST_FILE = 10ClosestUITests/Info.plist;
				LD_RUNPATH_SEARCH_PATHS = (
					"$(inherited)",
					"@executable_path/Frameworks",
					"@loader_path/Frameworks",
				);
				PRODUCT_BUNDLE_IDENTIFIER = "lsantos.-0ClosestUITests";
				PRODUCT_NAME = "$(TARGET_NAME)";
				SWIFT_VERSION = 4.0;
				TARGETED_DEVICE_FAMILY = "1,2";
				TEST_TARGET_NAME = 10Closest;
			};
			name = Debug;
		};
		76A67A9620A3DED9009E21C2 /* Release */ = {
			isa = XCBuildConfiguration;
			buildSettings = {
				ALWAYS_EMBED_SWIFT_STANDARD_LIBRARIES = YES;
				CODE_SIGN_STYLE = Automatic;
				INFOPLIST_FILE = 10ClosestUITests/Info.plist;
				LD_RUNPATH_SEARCH_PATHS = (
					"$(inherited)",
					"@executable_path/Frameworks",
					"@loader_path/Frameworks",
				);
				PRODUCT_BUNDLE_IDENTIFIER = "lsantos.-0ClosestUITests";
				PRODUCT_NAME = "$(TARGET_NAME)";
				SWIFT_VERSION = 4.0;
				TARGETED_DEVICE_FAMILY = "1,2";
				TEST_TARGET_NAME = 10Closest;
			};
			name = Release;
		};
/* End XCBuildConfiguration section */

/* Begin XCConfigurationList section */
		76A67A6120A3DED7009E21C2 /* Build configuration list for PBXProject "10Closest" */ = {
			isa = XCConfigurationList;
			buildConfigurations = (
				76A67A8C20A3DED9009E21C2 /* Debug */,
				76A67A8D20A3DED9009E21C2 /* Release */,
			);
			defaultConfigurationIsVisible = 0;
			defaultConfigurationName = Release;
		};
		76A67A8E20A3DED9009E21C2 /* Build configuration list for PBXNativeTarget "10Closest" */ = {
			isa = XCConfigurationList;
			buildConfigurations = (
				76A67A8F20A3DED9009E21C2 /* Debug */,
				76A67A9020A3DED9009E21C2 /* Release */,
			);
			defaultConfigurationIsVisible = 0;
			defaultConfigurationName = Release;
		};
		76A67A9120A3DED9009E21C2 /* Build configuration list for PBXNativeTarget "10ClosestTests" */ = {
			isa = XCConfigurationList;
			buildConfigurations = (
				76A67A9220A3DED9009E21C2 /* Debug */,
				76A67A9320A3DED9009E21C2 /* Release */,
			);
			defaultConfigurationIsVisible = 0;
			defaultConfigurationName = Release;
		};
		76A67A9420A3DED9009E21C2 /* Build configuration list for PBXNativeTarget "10ClosestUITests" */ = {
			isa = XCConfigurationList;
			buildConfigurations = (
				76A67A9520A3DED9009E21C2 /* Debug */,
				76A67A9620A3DED9009E21C2 /* Release */,
			);
			defaultConfigurationIsVisible = 0;
			defaultConfigurationName = Release;
		};
/* End XCConfigurationList section */
	};
	rootObject = 76A67A5E20A3DED7009E21C2 /* Project object */;
}
